// !$*UTF8*$!
{
	archiveVersion = 1;
	classes = {
	};
	objectVersion = 55;
	objects = {

/* Begin PBXBuildFile section */
		C59FD4EB2845175300DD72AE /* AppDelegate.swift in Sources */ = {isa = PBXBuildFile; fileRef = C59FD4EA2845175300DD72AE /* AppDelegate.swift */; };
		C59FD4ED2845175300DD72AE /* SceneDelegate.swift in Sources */ = {isa = PBXBuildFile; fileRef = C59FD4EC2845175300DD72AE /* SceneDelegate.swift */; };
		C59FD4EF2845175300DD72AE /* HomeViewController.swift in Sources */ = {isa = PBXBuildFile; fileRef = C59FD4EE2845175300DD72AE /* HomeViewController.swift */; };
		C59FD4F22845175300DD72AE /* Main.storyboard in Resources */ = {isa = PBXBuildFile; fileRef = C59FD4F02845175300DD72AE /* Main.storyboard */; };
		C59FD4F42845175700DD72AE /* Assets.xcassets in Resources */ = {isa = PBXBuildFile; fileRef = C59FD4F32845175700DD72AE /* Assets.xcassets */; };
		C59FD4F72845175700DD72AE /* LaunchScreen.storyboard in Resources */ = {isa = PBXBuildFile; fileRef = C59FD4F52845175700DD72AE /* LaunchScreen.storyboard */; };
		C59FD5022845175700DD72AE /* BDaysTests.swift in Sources */ = {isa = PBXBuildFile; fileRef = C59FD5012845175700DD72AE /* BDaysTests.swift */; };
		C59FD50C2845175700DD72AE /* BDaysUITests.swift in Sources */ = {isa = PBXBuildFile; fileRef = C59FD50B2845175700DD72AE /* BDaysUITests.swift */; };
		C59FD50E2845175700DD72AE /* BDaysUITestsLaunchTests.swift in Sources */ = {isa = PBXBuildFile; fileRef = C59FD50D2845175700DD72AE /* BDaysUITestsLaunchTests.swift */; };
		C59FD51D2845184B00DD72AE /* Apollo in Frameworks */ = {isa = PBXBuildFile; productRef = C59FD51C2845184B00DD72AE /* Apollo */; };
		C59FD5202845185F00DD72AE /* Network.swift in Sources */ = {isa = PBXBuildFile; fileRef = C59FD51E2845185F00DD72AE /* Network.swift */; };
		C59FD5212845185F00DD72AE /* Queries.graphql in Resources */ = {isa = PBXBuildFile; fileRef = C59FD51F2845185F00DD72AE /* Queries.graphql */; };
		C59FD525284518F500DD72AE /* schema.json in Resources */ = {isa = PBXBuildFile; fileRef = C59FD524284518F500DD72AE /* schema.json */; };
		C59FD5272845194000DD72AE /* API.swift in Sources */ = {isa = PBXBuildFile; fileRef = C59FD5262845194000DD72AE /* API.swift */; };
		C59FD52B28451A9200DD72AE /* HomeViewModel.swift in Sources */ = {isa = PBXBuildFile; fileRef = C59FD52A28451A9200DD72AE /* HomeViewModel.swift */; };
		C59FD52F28451C1900DD72AE /* HomeTableViewCell.swift in Sources */ = {isa = PBXBuildFile; fileRef = C59FD52E28451C1900DD72AE /* HomeTableViewCell.swift */; };
		C59FD5312845205B00DD72AE /* Constants.swift in Sources */ = {isa = PBXBuildFile; fileRef = C59FD5302845205B00DD72AE /* Constants.swift */; };
		C59FD534284523E800DD72AE /* StringExts.swift in Sources */ = {isa = PBXBuildFile; fileRef = C59FD533284523E800DD72AE /* StringExts.swift */; };
		C59FD53628452E8A00DD72AE /* UIStoryboard+Ext.swift in Sources */ = {isa = PBXBuildFile; fileRef = C59FD53528452E8A00DD72AE /* UIStoryboard+Ext.swift */; };
		C59FD53828452EC500DD72AE /* PersonDetailViewController.swift in Sources */ = {isa = PBXBuildFile; fileRef = C59FD53728452EC500DD72AE /* PersonDetailViewController.swift */; };
		C59FD53A28452F3100DD72AE /* UIViewController+Ext.swift in Sources */ = {isa = PBXBuildFile; fileRef = C59FD53928452F3100DD72AE /* UIViewController+Ext.swift */; };
		C59FD53C2845308900DD72AE /* PersonDetailViewModel.swift in Sources */ = {isa = PBXBuildFile; fileRef = C59FD53B2845308900DD72AE /* PersonDetailViewModel.swift */; };
		C59FD53F28453B8600DD72AE /* SASCustomAlert in Frameworks */ = {isa = PBXBuildFile; productRef = C59FD53E28453B8600DD72AE /* SASCustomAlert */; };
		C59FD5432845583D00DD72AE /* NetworkAPITests.swift in Sources */ = {isa = PBXBuildFile; fileRef = C59FD5422845583D00DD72AE /* NetworkAPITests.swift */; };
/* End PBXBuildFile section */

/* Begin PBXContainerItemProxy section */
		C59FD4FE2845175700DD72AE /* PBXContainerItemProxy */ = {
			isa = PBXContainerItemProxy;
			containerPortal = C59FD4DF2845175300DD72AE /* Project object */;
			proxyType = 1;
			remoteGlobalIDString = C59FD4E62845175300DD72AE;
			remoteInfo = BDays;
		};
		C59FD5082845175700DD72AE /* PBXContainerItemProxy */ = {
			isa = PBXContainerItemProxy;
			containerPortal = C59FD4DF2845175300DD72AE /* Project object */;
			proxyType = 1;
			remoteGlobalIDString = C59FD4E62845175300DD72AE;
			remoteInfo = BDays;
		};
/* End PBXContainerItemProxy section */

/* Begin PBXFileReference section */
		C59FD4E72845175300DD72AE /* BDays.app */ = {isa = PBXFileReference; explicitFileType = wrapper.application; includeInIndex = 0; path = BDays.app; sourceTree = BUILT_PRODUCTS_DIR; };
		C59FD4EA2845175300DD72AE /* AppDelegate.swift */ = {isa = PBXFileReference; lastKnownFileType = sourcecode.swift; path = AppDelegate.swift; sourceTree = "<group>"; };
		C59FD4EC2845175300DD72AE /* SceneDelegate.swift */ = {isa = PBXFileReference; lastKnownFileType = sourcecode.swift; path = SceneDelegate.swift; sourceTree = "<group>"; };
		C59FD4EE2845175300DD72AE /* HomeViewController.swift */ = {isa = PBXFileReference; lastKnownFileType = sourcecode.swift; path = HomeViewController.swift; sourceTree = "<group>"; };
		C59FD4F12845175300DD72AE /* Base */ = {isa = PBXFileReference; lastKnownFileType = file.storyboard; name = Base; path = Base.lproj/Main.storyboard; sourceTree = "<group>"; };
		C59FD4F32845175700DD72AE /* Assets.xcassets */ = {isa = PBXFileReference; lastKnownFileType = folder.assetcatalog; path = Assets.xcassets; sourceTree = "<group>"; };
		C59FD4F62845175700DD72AE /* Base */ = {isa = PBXFileReference; lastKnownFileType = file.storyboard; name = Base; path = Base.lproj/LaunchScreen.storyboard; sourceTree = "<group>"; };
		C59FD4F82845175700DD72AE /* Info.plist */ = {isa = PBXFileReference; lastKnownFileType = text.plist.xml; path = Info.plist; sourceTree = "<group>"; };
		C59FD4FD2845175700DD72AE /* BDaysTests.xctest */ = {isa = PBXFileReference; explicitFileType = wrapper.cfbundle; includeInIndex = 0; path = BDaysTests.xctest; sourceTree = BUILT_PRODUCTS_DIR; };
		C59FD5012845175700DD72AE /* BDaysTests.swift */ = {isa = PBXFileReference; lastKnownFileType = sourcecode.swift; path = BDaysTests.swift; sourceTree = "<group>"; };
		C59FD5072845175700DD72AE /* BDaysUITests.xctest */ = {isa = PBXFileReference; explicitFileType = wrapper.cfbundle; includeInIndex = 0; path = BDaysUITests.xctest; sourceTree = BUILT_PRODUCTS_DIR; };
		C59FD50B2845175700DD72AE /* BDaysUITests.swift */ = {isa = PBXFileReference; lastKnownFileType = sourcecode.swift; path = BDaysUITests.swift; sourceTree = "<group>"; };
		C59FD50D2845175700DD72AE /* BDaysUITestsLaunchTests.swift */ = {isa = PBXFileReference; lastKnownFileType = sourcecode.swift; path = BDaysUITestsLaunchTests.swift; sourceTree = "<group>"; };
		C59FD51E2845185F00DD72AE /* Network.swift */ = {isa = PBXFileReference; fileEncoding = 4; lastKnownFileType = sourcecode.swift; path = Network.swift; sourceTree = "<group>"; };
		C59FD51F2845185F00DD72AE /* Queries.graphql */ = {isa = PBXFileReference; fileEncoding = 4; lastKnownFileType = text; path = Queries.graphql; sourceTree = "<group>"; };
		C59FD524284518F500DD72AE /* schema.json */ = {isa = PBXFileReference; fileEncoding = 4; lastKnownFileType = text.json; path = schema.json; sourceTree = "<group>"; };
		C59FD5262845194000DD72AE /* API.swift */ = {isa = PBXFileReference; fileEncoding = 4; lastKnownFileType = sourcecode.swift; name = API.swift; path = BDays/API.swift; sourceTree = SOURCE_ROOT; };
		C59FD52A28451A9200DD72AE /* HomeViewModel.swift */ = {isa = PBXFileReference; lastKnownFileType = sourcecode.swift; path = HomeViewModel.swift; sourceTree = "<group>"; };
		C59FD52E28451C1900DD72AE /* HomeTableViewCell.swift */ = {isa = PBXFileReference; lastKnownFileType = sourcecode.swift; path = HomeTableViewCell.swift; sourceTree = "<group>"; };
		C59FD5302845205B00DD72AE /* Constants.swift */ = {isa = PBXFileReference; lastKnownFileType = sourcecode.swift; path = Constants.swift; sourceTree = "<group>"; };
		C59FD533284523E800DD72AE /* StringExts.swift */ = {isa = PBXFileReference; lastKnownFileType = sourcecode.swift; path = StringExts.swift; sourceTree = "<group>"; };
		C59FD53528452E8A00DD72AE /* UIStoryboard+Ext.swift */ = {isa = PBXFileReference; lastKnownFileType = sourcecode.swift; path = "UIStoryboard+Ext.swift"; sourceTree = "<group>"; };
		C59FD53728452EC500DD72AE /* PersonDetailViewController.swift */ = {isa = PBXFileReference; lastKnownFileType = sourcecode.swift; path = PersonDetailViewController.swift; sourceTree = "<group>"; };
		C59FD53928452F3100DD72AE /* UIViewController+Ext.swift */ = {isa = PBXFileReference; lastKnownFileType = sourcecode.swift; path = "UIViewController+Ext.swift"; sourceTree = "<group>"; };
		C59FD53B2845308900DD72AE /* PersonDetailViewModel.swift */ = {isa = PBXFileReference; lastKnownFileType = sourcecode.swift; path = PersonDetailViewModel.swift; sourceTree = "<group>"; };
		C59FD5422845583D00DD72AE /* NetworkAPITests.swift */ = {isa = PBXFileReference; lastKnownFileType = sourcecode.swift; path = NetworkAPITests.swift; sourceTree = "<group>"; };
/* End PBXFileReference section */

/* Begin PBXFrameworksBuildPhase section */
		C59FD4E42845175300DD72AE /* Frameworks */ = {
			isa = PBXFrameworksBuildPhase;
			buildActionMask = 2147483647;
			files = (
				C59FD53F28453B8600DD72AE /* SASCustomAlert in Frameworks */,
				C59FD51D2845184B00DD72AE /* Apollo in Frameworks */,
			);
			runOnlyForDeploymentPostprocessing = 0;
		};
		C59FD4FA2845175700DD72AE /* Frameworks */ = {
			isa = PBXFrameworksBuildPhase;
			buildActionMask = 2147483647;
			files = (
			);
			runOnlyForDeploymentPostprocessing = 0;
		};
		C59FD5042845175700DD72AE /* Frameworks */ = {
			isa = PBXFrameworksBuildPhase;
			buildActionMask = 2147483647;
			files = (
			);
			runOnlyForDeploymentPostprocessing = 0;
		};
/* End PBXFrameworksBuildPhase section */

/* Begin PBXGroup section */
		C59FD4DE2845175300DD72AE = {
			isa = PBXGroup;
			children = (
				C59FD4E92845175300DD72AE /* BDays */,
				C59FD5002845175700DD72AE /* BDaysTests */,
				C59FD50A2845175700DD72AE /* BDaysUITests */,
				C59FD4E82845175300DD72AE /* Products */,
			);
			sourceTree = "<group>";
		};
		C59FD4E82845175300DD72AE /* Products */ = {
			isa = PBXGroup;
			children = (
				C59FD4E72845175300DD72AE /* BDays.app */,
				C59FD4FD2845175700DD72AE /* BDaysTests.xctest */,
				C59FD5072845175700DD72AE /* BDaysUITests.xctest */,
			);
			name = Products;
			sourceTree = "<group>";
		};
		C59FD4E92845175300DD72AE /* BDays */ = {
			isa = PBXGroup;
			children = (
				C59FD5302845205B00DD72AE /* Constants.swift */,
				C59FD532284523D500DD72AE /* Extenstions */,
				C59FD4EA2845175300DD72AE /* AppDelegate.swift */,
				C59FD4EC2845175300DD72AE /* SceneDelegate.swift */,
				C59FD524284518F500DD72AE /* schema.json */,
				C59FD4F02845175300DD72AE /* Main.storyboard */,
				C59FD522284518A100DD72AE /* Models */,
				C59FD52828451A4400DD72AE /* View */,
				C59FD52928451A5100DD72AE /* ViewModel */,
				C59FD51A2845180600DD72AE /* Network+GraphQLFiles */,
				C59FD4F32845175700DD72AE /* Assets.xcassets */,
				C59FD4F52845175700DD72AE /* LaunchScreen.storyboard */,
				C59FD4F82845175700DD72AE /* Info.plist */,
			);
			path = BDays;
			sourceTree = "<group>";
		};
		C59FD5002845175700DD72AE /* BDaysTests */ = {
			isa = PBXGroup;
			children = (
				C59FD5012845175700DD72AE /* BDaysTests.swift */,
				C59FD5422845583D00DD72AE /* NetworkAPITests.swift */,
			);
			path = BDaysTests;
			sourceTree = "<group>";
		};
		C59FD50A2845175700DD72AE /* BDaysUITests */ = {
			isa = PBXGroup;
			children = (
				C59FD50B2845175700DD72AE /* BDaysUITests.swift */,
				C59FD50D2845175700DD72AE /* BDaysUITestsLaunchTests.swift */,
			);
			path = BDaysUITests;
			sourceTree = "<group>";
		};
		C59FD51A2845180600DD72AE /* Network+GraphQLFiles */ = {
			isa = PBXGroup;
			children = (
				C59FD51E2845185F00DD72AE /* Network.swift */,
				C59FD51F2845185F00DD72AE /* Queries.graphql */,
			);
			path = "Network+GraphQLFiles";
			sourceTree = "<group>";
		};
		C59FD522284518A100DD72AE /* Models */ = {
			isa = PBXGroup;
			children = (
				C59FD5262845194000DD72AE /* API.swift */,
			);
			path = Models;
			sourceTree = "<group>";
		};
		C59FD52828451A4400DD72AE /* View */ = {
			isa = PBXGroup;
			children = (
				C59FD52C28451BDE00DD72AE /* ViewControllers */,
				C59FD52D28451BEA00DD72AE /* Cells */,
			);
			path = View;
			sourceTree = "<group>";
		};
		C59FD52928451A5100DD72AE /* ViewModel */ = {
			isa = PBXGroup;
			children = (
				C59FD52A28451A9200DD72AE /* HomeViewModel.swift */,
				C59FD53B2845308900DD72AE /* PersonDetailViewModel.swift */,
			);
			path = ViewModel;
			sourceTree = "<group>";
		};
		C59FD52C28451BDE00DD72AE /* ViewControllers */ = {
			isa = PBXGroup;
			children = (
				C59FD4EE2845175300DD72AE /* HomeViewController.swift */,
				C59FD53728452EC500DD72AE /* PersonDetailViewController.swift */,
			);
			path = ViewControllers;
			sourceTree = "<group>";
		};
		C59FD52D28451BEA00DD72AE /* Cells */ = {
			isa = PBXGroup;
			children = (
				C59FD52E28451C1900DD72AE /* HomeTableViewCell.swift */,
			);
			path = Cells;
			sourceTree = "<group>";
		};
		C59FD532284523D500DD72AE /* Extenstions */ = {
			isa = PBXGroup;
			children = (
				C59FD533284523E800DD72AE /* StringExts.swift */,
				C59FD53528452E8A00DD72AE /* UIStoryboard+Ext.swift */,
				C59FD53928452F3100DD72AE /* UIViewController+Ext.swift */,
			);
			path = Extenstions;
			sourceTree = "<group>";
		};
/* End PBXGroup section */

/* Begin PBXNativeTarget section */
		C59FD4E62845175300DD72AE /* BDays */ = {
			isa = PBXNativeTarget;
			buildConfigurationList = C59FD5112845175700DD72AE /* Build configuration list for PBXNativeTarget "BDays" */;
			buildPhases = (
				C59FD523284518AE00DD72AE /* Generate Apollo GraphQL API */,
				C59FD4E32845175300DD72AE /* Sources */,
				C59FD4E42845175300DD72AE /* Frameworks */,
				C59FD4E52845175300DD72AE /* Resources */,
			);
			buildRules = (
			);
			dependencies = (
			);
			name = BDays;
			packageProductDependencies = (
				C59FD51C2845184B00DD72AE /* Apollo */,
				C59FD53E28453B8600DD72AE /* SASCustomAlert */,
			);
			productName = BDays;
			productReference = C59FD4E72845175300DD72AE /* BDays.app */;
			productType = "com.apple.product-type.application";
		};
		C59FD4FC2845175700DD72AE /* BDaysTests */ = {
			isa = PBXNativeTarget;
			buildConfigurationList = C59FD5142845175700DD72AE /* Build configuration list for PBXNativeTarget "BDaysTests" */;
			buildPhases = (
				C59FD4F92845175700DD72AE /* Sources */,
				C59FD4FA2845175700DD72AE /* Frameworks */,
				C59FD4FB2845175700DD72AE /* Resources */,
			);
			buildRules = (
			);
			dependencies = (
				C59FD4FF2845175700DD72AE /* PBXTargetDependency */,
			);
			name = BDaysTests;
			productName = BDaysTests;
			productReference = C59FD4FD2845175700DD72AE /* BDaysTests.xctest */;
			productType = "com.apple.product-type.bundle.unit-test";
		};
		C59FD5062845175700DD72AE /* BDaysUITests */ = {
			isa = PBXNativeTarget;
			buildConfigurationList = C59FD5172845175700DD72AE /* Build configuration list for PBXNativeTarget "BDaysUITests" */;
			buildPhases = (
				C59FD5032845175700DD72AE /* Sources */,
				C59FD5042845175700DD72AE /* Frameworks */,
				C59FD5052845175700DD72AE /* Resources */,
			);
			buildRules = (
			);
			dependencies = (
				C59FD5092845175700DD72AE /* PBXTargetDependency */,
			);
			name = BDaysUITests;
			productName = BDaysUITests;
			productReference = C59FD5072845175700DD72AE /* BDaysUITests.xctest */;
			productType = "com.apple.product-type.bundle.ui-testing";
		};
/* End PBXNativeTarget section */

/* Begin PBXProject section */
		C59FD4DF2845175300DD72AE /* Project object */ = {
			isa = PBXProject;
			attributes = {
				BuildIndependentTargetsInParallel = 1;
				LastSwiftUpdateCheck = 1330;
				LastUpgradeCheck = 1330;
				TargetAttributes = {
					C59FD4E62845175300DD72AE = {
						CreatedOnToolsVersion = 13.3.1;
					};
					C59FD4FC2845175700DD72AE = {
						CreatedOnToolsVersion = 13.3.1;
						TestTargetID = C59FD4E62845175300DD72AE;
					};
					C59FD5062845175700DD72AE = {
						CreatedOnToolsVersion = 13.3.1;
						TestTargetID = C59FD4E62845175300DD72AE;
					};
				};
			};
			buildConfigurationList = C59FD4E22845175300DD72AE /* Build configuration list for PBXProject "BDays" */;
			compatibilityVersion = "Xcode 13.0";
			developmentRegion = en;
			hasScannedForEncodings = 0;
			knownRegions = (
				en,
				Base,
			);
			mainGroup = C59FD4DE2845175300DD72AE;
			packageReferences = (
				C59FD51B2845184B00DD72AE /* XCRemoteSwiftPackageReference "apollo-ios" */,
				C59FD53D28453B8600DD72AE /* XCRemoteSwiftPackageReference "SASCustomAlert" */,
			);
			productRefGroup = C59FD4E82845175300DD72AE /* Products */;
			projectDirPath = "";
			projectRoot = "";
			targets = (
				C59FD4E62845175300DD72AE /* BDays */,
				C59FD4FC2845175700DD72AE /* BDaysTests */,
				C59FD5062845175700DD72AE /* BDaysUITests */,
			);
		};
/* End PBXProject section */

/* Begin PBXResourcesBuildPhase section */
		C59FD4E52845175300DD72AE /* Resources */ = {
			isa = PBXResourcesBuildPhase;
			buildActionMask = 2147483647;
			files = (
				C59FD4F72845175700DD72AE /* LaunchScreen.storyboard in Resources */,
				C59FD525284518F500DD72AE /* schema.json in Resources */,
				C59FD4F42845175700DD72AE /* Assets.xcassets in Resources */,
				C59FD5212845185F00DD72AE /* Queries.graphql in Resources */,
				C59FD4F22845175300DD72AE /* Main.storyboard in Resources */,
			);
			runOnlyForDeploymentPostprocessing = 0;
		};
		C59FD4FB2845175700DD72AE /* Resources */ = {
			isa = PBXResourcesBuildPhase;
			buildActionMask = 2147483647;
			files = (
			);
			runOnlyForDeploymentPostprocessing = 0;
		};
		C59FD5052845175700DD72AE /* Resources */ = {
			isa = PBXResourcesBuildPhase;
			buildActionMask = 2147483647;
			files = (
			);
			runOnlyForDeploymentPostprocessing = 0;
		};
/* End PBXResourcesBuildPhase section */

/* Begin PBXShellScriptBuildPhase section */
		C59FD523284518AE00DD72AE /* Generate Apollo GraphQL API */ = {
			isa = PBXShellScriptBuildPhase;
			buildActionMask = 2147483647;
			files = (
			);
			inputFileListPaths = (
			);
			inputPaths = (
			);
			name = "Generate Apollo GraphQL API";
			outputFileListPaths = (
			);
			outputPaths = (
			);
			runOnlyForDeploymentPostprocessing = 0;
			shellPath = /bin/sh;
			shellScript = "# Don't run this during index builds\nif [ $ACTION = \"indexbuild\" ]; then exit 0; fi\n\n# Go to the build root and search up the chain to find the Derived Data Path where the source packages are checked out.\nDERIVED_DATA_CANDIDATE=\"${BUILD_ROOT}\"\n\nwhile ! [ -d \"${DERIVED_DATA_CANDIDATE}/SourcePackages\" ]; do\n  if [ \"${DERIVED_DATA_CANDIDATE}\" = / ]; then\n    echo >&2 \"error: Unable to locate SourcePackages directory from BUILD_ROOT: '${BUILD_ROOT}'\"\n    exit 1\n  fi\n\n  DERIVED_DATA_CANDIDATE=\"$(dirname \"${DERIVED_DATA_CANDIDATE}\")\"\ndone\n\n# Grab a reference to the directory where scripts are checked out\nSCRIPT_PATH=\"${DERIVED_DATA_CANDIDATE}/SourcePackages/checkouts/apollo-ios/scripts\"\n\nif [ -z \"${SCRIPT_PATH}\" ]; then\n    echo >&2 \"error: Couldn't find the CLI script in your checked out SPM packages; make sure to add the framework to your project.\"\n    exit 1\nfi\n\ncd \"${SRCROOT}/${TARGET_NAME}\"\n\"${SCRIPT_PATH}\"/run-bundled-codegen.sh codegen:generate --target=swift --includes=./**/*.graphql --localSchemaFile=\"schema.json\" API.swift\n";
		};
/* End PBXShellScriptBuildPhase section */

/* Begin PBXSourcesBuildPhase section */
		C59FD4E32845175300DD72AE /* Sources */ = {
			isa = PBXSourcesBuildPhase;
			buildActionMask = 2147483647;
			files = (
				C59FD4EF2845175300DD72AE /* HomeViewController.swift in Sources */,
				C59FD52B28451A9200DD72AE /* HomeViewModel.swift in Sources */,
				C59FD53A28452F3100DD72AE /* UIViewController+Ext.swift in Sources */,
				C59FD52F28451C1900DD72AE /* HomeTableViewCell.swift in Sources */,
				C59FD53828452EC500DD72AE /* PersonDetailViewController.swift in Sources */,
				C59FD4EB2845175300DD72AE /* AppDelegate.swift in Sources */,
				C59FD53628452E8A00DD72AE /* UIStoryboard+Ext.swift in Sources */,
				C59FD5202845185F00DD72AE /* Network.swift in Sources */,
				C59FD4ED2845175300DD72AE /* SceneDelegate.swift in Sources */,
				C59FD5272845194000DD72AE /* API.swift in Sources */,
				C59FD534284523E800DD72AE /* StringExts.swift in Sources */,
				C59FD5312845205B00DD72AE /* Constants.swift in Sources */,
				C59FD53C2845308900DD72AE /* PersonDetailViewModel.swift in Sources */,
			);
			runOnlyForDeploymentPostprocessing = 0;
		};
		C59FD4F92845175700DD72AE /* Sources */ = {
			isa = PBXSourcesBuildPhase;
			buildActionMask = 2147483647;
			files = (
				C59FD5022845175700DD72AE /* BDaysTests.swift in Sources */,
				C59FD5432845583D00DD72AE /* NetworkAPITests.swift in Sources */,
			);
			runOnlyForDeploymentPostprocessing = 0;
		};
		C59FD5032845175700DD72AE /* Sources */ = {
			isa = PBXSourcesBuildPhase;
			buildActionMask = 2147483647;
			files = (
				C59FD50E2845175700DD72AE /* BDaysUITestsLaunchTests.swift in Sources */,
				C59FD50C2845175700DD72AE /* BDaysUITests.swift in Sources */,
			);
			runOnlyForDeploymentPostprocessing = 0;
		};
/* End PBXSourcesBuildPhase section */

/* Begin PBXTargetDependency section */
		C59FD4FF2845175700DD72AE /* PBXTargetDependency */ = {
			isa = PBXTargetDependency;
			target = C59FD4E62845175300DD72AE /* BDays */;
			targetProxy = C59FD4FE2845175700DD72AE /* PBXContainerItemProxy */;
		};
		C59FD5092845175700DD72AE /* PBXTargetDependency */ = {
			isa = PBXTargetDependency;
			target = C59FD4E62845175300DD72AE /* BDays */;
			targetProxy = C59FD5082845175700DD72AE /* PBXContainerItemProxy */;
		};
/* End PBXTargetDependency section */

/* Begin PBXVariantGroup section */
		C59FD4F02845175300DD72AE /* Main.storyboard */ = {
			isa = PBXVariantGroup;
			children = (
				C59FD4F12845175300DD72AE /* Base */,
			);
			name = Main.storyboard;
			sourceTree = "<group>";
		};
		C59FD4F52845175700DD72AE /* LaunchScreen.storyboard */ = {
			isa = PBXVariantGroup;
			children = (
				C59FD4F62845175700DD72AE /* Base */,
			);
			name = LaunchScreen.storyboard;
			sourceTree = "<group>";
		};
/* End PBXVariantGroup section */

/* Begin XCBuildConfiguration section */
		C59FD50F2845175700DD72AE /* Debug */ = {
			isa = XCBuildConfiguration;
			buildSettings = {
				ALWAYS_SEARCH_USER_PATHS = NO;
				CLANG_ANALYZER_NONNULL = YES;
				CLANG_ANALYZER_NUMBER_OBJECT_CONVERSION = YES_AGGRESSIVE;
				CLANG_CXX_LANGUAGE_STANDARD = "gnu++17";
				CLANG_ENABLE_MODULES = YES;
				CLANG_ENABLE_OBJC_ARC = YES;
				CLANG_ENABLE_OBJC_WEAK = YES;
				CLANG_WARN_BLOCK_CAPTURE_AUTORELEASING = YES;
				CLANG_WARN_BOOL_CONVERSION = YES;
				CLANG_WARN_COMMA = YES;
				CLANG_WARN_CONSTANT_CONVERSION = YES;
				CLANG_WARN_DEPRECATED_OBJC_IMPLEMENTATIONS = YES;
				CLANG_WARN_DIRECT_OBJC_ISA_USAGE = YES_ERROR;
				CLANG_WARN_DOCUMENTATION_COMMENTS = YES;
				CLANG_WARN_EMPTY_BODY = YES;
				CLANG_WARN_ENUM_CONVERSION = YES;
				CLANG_WARN_INFINITE_RECURSION = YES;
				CLANG_WARN_INT_CONVERSION = YES;
				CLANG_WARN_NON_LITERAL_NULL_CONVERSION = YES;
				CLANG_WARN_OBJC_IMPLICIT_RETAIN_SELF = YES;
				CLANG_WARN_OBJC_LITERAL_CONVERSION = YES;
				CLANG_WARN_OBJC_ROOT_CLASS = YES_ERROR;
				CLANG_WARN_QUOTED_INCLUDE_IN_FRAMEWORK_HEADER = YES;
				CLANG_WARN_RANGE_LOOP_ANALYSIS = YES;
				CLANG_WARN_STRICT_PROTOTYPES = YES;
				CLANG_WARN_SUSPICIOUS_MOVE = YES;
				CLANG_WARN_UNGUARDED_AVAILABILITY = YES_AGGRESSIVE;
				CLANG_WARN_UNREACHABLE_CODE = YES;
				CLANG_WARN__DUPLICATE_METHOD_MATCH = YES;
				COPY_PHASE_STRIP = NO;
				DEBUG_INFORMATION_FORMAT = dwarf;
				ENABLE_STRICT_OBJC_MSGSEND = YES;
				ENABLE_TESTABILITY = YES;
				GCC_C_LANGUAGE_STANDARD = gnu11;
				GCC_DYNAMIC_NO_PIC = NO;
				GCC_NO_COMMON_BLOCKS = YES;
				GCC_OPTIMIZATION_LEVEL = 0;
				GCC_PREPROCESSOR_DEFINITIONS = (
					"DEBUG=1",
					"$(inherited)",
				);
				GCC_WARN_64_TO_32_BIT_CONVERSION = YES;
				GCC_WARN_ABOUT_RETURN_TYPE = YES_ERROR;
				GCC_WARN_UNDECLARED_SELECTOR = YES;
				GCC_WARN_UNINITIALIZED_AUTOS = YES_AGGRESSIVE;
				GCC_WARN_UNUSED_FUNCTION = YES;
				GCC_WARN_UNUSED_VARIABLE = YES;
				IPHONEOS_DEPLOYMENT_TARGET = 15.4;
				MTL_ENABLE_DEBUG_INFO = INCLUDE_SOURCE;
				MTL_FAST_MATH = YES;
				ONLY_ACTIVE_ARCH = YES;
				SDKROOT = iphoneos;
				SWIFT_ACTIVE_COMPILATION_CONDITIONS = DEBUG;
				SWIFT_OPTIMIZATION_LEVEL = "-Onone";
			};
			name = Debug;
		};
		C59FD5102845175700DD72AE /* Release */ = {
			isa = XCBuildConfiguration;
			buildSettings = {
				ALWAYS_SEARCH_USER_PATHS = NO;
				CLANG_ANALYZER_NONNULL = YES;
				CLANG_ANALYZER_NUMBER_OBJECT_CONVERSION = YES_AGGRESSIVE;
				CLANG_CXX_LANGUAGE_STANDARD = "gnu++17";
				CLANG_ENABLE_MODULES = YES;
				CLANG_ENABLE_OBJC_ARC = YES;
				CLANG_ENABLE_OBJC_WEAK = YES;
				CLANG_WARN_BLOCK_CAPTURE_AUTORELEASING = YES;
				CLANG_WARN_BOOL_CONVERSION = YES;
				CLANG_WARN_COMMA = YES;
				CLANG_WARN_CONSTANT_CONVERSION = YES;
				CLANG_WARN_DEPRECATED_OBJC_IMPLEMENTATIONS = YES;
				CLANG_WARN_DIRECT_OBJC_ISA_USAGE = YES_ERROR;
				CLANG_WARN_DOCUMENTATION_COMMENTS = YES;
				CLANG_WARN_EMPTY_BODY = YES;
				CLANG_WARN_ENUM_CONVERSION = YES;
				CLANG_WARN_INFINITE_RECURSION = YES;
				CLANG_WARN_INT_CONVERSION = YES;
				CLANG_WARN_NON_LITERAL_NULL_CONVERSION = YES;
				CLANG_WARN_OBJC_IMPLICIT_RETAIN_SELF = YES;
				CLANG_WARN_OBJC_LITERAL_CONVERSION = YES;
				CLANG_WARN_OBJC_ROOT_CLASS = YES_ERROR;
				CLANG_WARN_QUOTED_INCLUDE_IN_FRAMEWORK_HEADER = YES;
				CLANG_WARN_RANGE_LOOP_ANALYSIS = YES;
				CLANG_WARN_STRICT_PROTOTYPES = YES;
				CLANG_WARN_SUSPICIOUS_MOVE = YES;
				CLANG_WARN_UNGUARDED_AVAILABILITY = YES_AGGRESSIVE;
				CLANG_WARN_UNREACHABLE_CODE = YES;
				CLANG_WARN__DUPLICATE_METHOD_MATCH = YES;
				COPY_PHASE_STRIP = NO;
				DEBUG_INFORMATION_FORMAT = "dwarf-with-dsym";
				ENABLE_NS_ASSERTIONS = NO;
				ENABLE_STRICT_OBJC_MSGSEND = YES;
				GCC_C_LANGUAGE_STANDARD = gnu11;
				GCC_NO_COMMON_BLOCKS = YES;
				GCC_WARN_64_TO_32_BIT_CONVERSION = YES;
				GCC_WARN_ABOUT_RETURN_TYPE = YES_ERROR;
				GCC_WARN_UNDECLARED_SELECTOR = YES;
				GCC_WARN_UNINITIALIZED_AUTOS = YES_AGGRESSIVE;
				GCC_WARN_UNUSED_FUNCTION = YES;
				GCC_WARN_UNUSED_VARIABLE = YES;
				IPHONEOS_DEPLOYMENT_TARGET = 15.4;
				MTL_ENABLE_DEBUG_INFO = NO;
				MTL_FAST_MATH = YES;
				SDKROOT = iphoneos;
				SWIFT_COMPILATION_MODE = wholemodule;
				SWIFT_OPTIMIZATION_LEVEL = "-O";
				VALIDATE_PRODUCT = YES;
			};
			name = Release;
		};
		C59FD5122845175700DD72AE /* Debug */ = {
			isa = XCBuildConfiguration;
			buildSettings = {
				ASSETCATALOG_COMPILER_APPICON_NAME = AppIcon;
				ASSETCATALOG_COMPILER_GLOBAL_ACCENT_COLOR_NAME = AccentColor;
				CODE_SIGN_STYLE = Automatic;
				CURRENT_PROJECT_VERSION = 1;
				DEVELOPMENT_TEAM = RDRMVW96A6;
				GENERATE_INFOPLIST_FILE = YES;
				INFOPLIST_FILE = BDays/Info.plist;
				INFOPLIST_KEY_UIApplicationSupportsIndirectInputEvents = YES;
				INFOPLIST_KEY_UILaunchStoryboardName = LaunchScreen;
				INFOPLIST_KEY_UIMainStoryboardFile = Main;
				INFOPLIST_KEY_UISupportedInterfaceOrientations_iPad = "UIInterfaceOrientationPortrait UIInterfaceOrientationPortraitUpsideDown UIInterfaceOrientationLandscapeLeft UIInterfaceOrientationLandscapeRight";
				INFOPLIST_KEY_UISupportedInterfaceOrientations_iPhone = "UIInterfaceOrientationPortrait UIInterfaceOrientationLandscapeLeft UIInterfaceOrientationLandscapeRight";
				LD_RUNPATH_SEARCH_PATHS = (
					"$(inherited)",
					"@executable_path/Frameworks",
				);
				MARKETING_VERSION = 1.0;
				PRODUCT_BUNDLE_IDENTIFIER = com.sevensages.BDays;
				PRODUCT_NAME = "$(TARGET_NAME)";
				SWIFT_EMIT_LOC_STRINGS = YES;
				SWIFT_VERSION = 5.0;
				TARGETED_DEVICE_FAMILY = "1,2";
			};
			name = Debug;
		};
		C59FD5132845175700DD72AE /* Release */ = {
			isa = XCBuildConfiguration;
			buildSettings = {
				ASSETCATALOG_COMPILER_APPICON_NAME = AppIcon;
				ASSETCATALOG_COMPILER_GLOBAL_ACCENT_COLOR_NAME = AccentColor;
				CODE_SIGN_STYLE = Automatic;
				CURRENT_PROJECT_VERSION = 1;
				DEVELOPMENT_TEAM = RDRMVW96A6;
				GENERATE_INFOPLIST_FILE = YES;
				INFOPLIST_FILE = BDays/Info.plist;
				INFOPLIST_KEY_UIApplicationSupportsIndirectInputEvents = YES;
				INFOPLIST_KEY_UILaunchStoryboardName = LaunchScreen;
				INFOPLIST_KEY_UIMainStoryboardFile = Main;
				INFOPLIST_KEY_UISupportedInterfaceOrientations_iPad = "UIInterfaceOrientationPortrait UIInterfaceOrientationPortraitUpsideDown UIInterfaceOrientationLandscapeLeft UIInterfaceOrientationLandscapeRight";
				INFOPLIST_KEY_UISupportedInterfaceOrientations_iPhone = "UIInterfaceOrientationPortrait UIInterfaceOrientationLandscapeLeft UIInterfaceOrientationLandscapeRight";
				LD_RUNPATH_SEARCH_PATHS = (
					"$(inherited)",
					"@executable_path/Frameworks",
				);
				MARKETING_VERSION = 1.0;
				PRODUCT_BUNDLE_IDENTIFIER = com.sevensages.BDays;
				PRODUCT_NAME = "$(TARGET_NAME)";
				SWIFT_EMIT_LOC_STRINGS = YES;
				SWIFT_VERSION = 5.0;
				TARGETED_DEVICE_FAMILY = "1,2";
			};
			name = Release;
		};
		C59FD5152845175700DD72AE /* Debug */ = {
			isa = XCBuildConfiguration;
			buildSettings = {
				ALWAYS_EMBED_SWIFT_STANDARD_LIBRARIES = YES;
				BUNDLE_LOADER = "$(TEST_HOST)";
				CODE_SIGN_STYLE = Automatic;
				CURRENT_PROJECT_VERSION = 1;
				DEVELOPMENT_TEAM = RDRMVW96A6;
				GENERATE_INFOPLIST_FILE = YES;
				IPHONEOS_DEPLOYMENT_TARGET = 15.4;
				MARKETING_VERSION = 1.0;
				PRODUCT_BUNDLE_IDENTIFIER = com.sevensages.BDaysTests;
				PRODUCT_NAME = "$(TARGET_NAME)";
				SWIFT_EMIT_LOC_STRINGS = NO;
				SWIFT_VERSION = 5.0;
				TARGETED_DEVICE_FAMILY = "1,2";
				TEST_HOST = "$(BUILT_PRODUCTS_DIR)/BDays.app/BDays";
			};
			name = Debug;
		};
		C59FD5162845175700DD72AE /* Release */ = {
			isa = XCBuildConfiguration;
			buildSettings = {
				ALWAYS_EMBED_SWIFT_STANDARD_LIBRARIES = YES;
				BUNDLE_LOADER = "$(TEST_HOST)";
				CODE_SIGN_STYLE = Automatic;
				CURRENT_PROJECT_VERSION = 1;
				DEVELOPMENT_TEAM = RDRMVW96A6;
				GENERATE_INFOPLIST_FILE = YES;
				IPHONEOS_DEPLOYMENT_TARGET = 15.4;
				MARKETING_VERSION = 1.0;
				PRODUCT_BUNDLE_IDENTIFIER = com.sevensages.BDaysTests;
				PRODUCT_NAME = "$(TARGET_NAME)";
				SWIFT_EMIT_LOC_STRINGS = NO;
				SWIFT_VERSION = 5.0;
				TARGETED_DEVICE_FAMILY = "1,2";
				TEST_HOST = "$(BUILT_PRODUCTS_DIR)/BDays.app/BDays";
			};
			name = Release;
		};
		C59FD5182845175700DD72AE /* Debug */ = {
			isa = XCBuildConfiguration;
			buildSettings = {
				ALWAYS_EMBED_SWIFT_STANDARD_LIBRARIES = YES;
				CODE_SIGN_STYLE = Automatic;
				CURRENT_PROJECT_VERSION = 1;
				DEVELOPMENT_TEAM = RDRMVW96A6;
				GENERATE_INFOPLIST_FILE = YES;
				MARKETING_VERSION = 1.0;
				PRODUCT_BUNDLE_IDENTIFIER = com.sevensages.BDaysUITests;
				PRODUCT_NAME = "$(TARGET_NAME)";
				SWIFT_EMIT_LOC_STRINGS = NO;
				SWIFT_VERSION = 5.0;
				TARGETED_DEVICE_FAMILY = "1,2";
				TEST_TARGET_NAME = BDays;
			};
			name = Debug;
		};
		C59FD5192845175700DD72AE /* Release */ = {
			isa = XCBuildConfiguration;
			buildSettings = {
				ALWAYS_EMBED_SWIFT_STANDARD_LIBRARIES = YES;
				CODE_SIGN_STYLE = Automatic;
				CURRENT_PROJECT_VERSION = 1;
				DEVELOPMENT_TEAM = RDRMVW96A6;
				GENERATE_INFOPLIST_FILE = YES;
				MARKETING_VERSION = 1.0;
				PRODUCT_BUNDLE_IDENTIFIER = com.sevensages.BDaysUITests;
				PRODUCT_NAME = "$(TARGET_NAME)";
				SWIFT_EMIT_LOC_STRINGS = NO;
				SWIFT_VERSION = 5.0;
				TARGETED_DEVICE_FAMILY = "1,2";
				TEST_TARGET_NAME = BDays;
			};
			name = Release;
		};
/* End XCBuildConfiguration section */

/* Begin XCConfigurationList section */
		C59FD4E22845175300DD72AE /* Build configuration list for PBXProject "BDays" */ = {
			isa = XCConfigurationList;
			buildConfigurations = (
				C59FD50F2845175700DD72AE /* Debug */,
				C59FD5102845175700DD72AE /* Release */,
			);
			defaultConfigurationIsVisible = 0;
			defaultConfigurationName = Release;
		};
		C59FD5112845175700DD72AE /* Build configuration list for PBXNativeTarget "BDays" */ = {
			isa = XCConfigurationList;
			buildConfigurations = (
				C59FD5122845175700DD72AE /* Debug */,
				C59FD5132845175700DD72AE /* Release */,
			);
			defaultConfigurationIsVisible = 0;
			defaultConfigurationName = Release;
		};
		C59FD5142845175700DD72AE /* Build configuration list for PBXNativeTarget "BDaysTests" */ = {
			isa = XCConfigurationList;
			buildConfigurations = (
				C59FD5152845175700DD72AE /* Debug */,
				C59FD5162845175700DD72AE /* Release */,
			);
			defaultConfigurationIsVisible = 0;
			defaultConfigurationName = Release;
		};
		C59FD5172845175700DD72AE /* Build configuration list for PBXNativeTarget "BDaysUITests" */ = {
			isa = XCConfigurationList;
			buildConfigurations = (
				C59FD5182845175700DD72AE /* Debug */,
				C59FD5192845175700DD72AE /* Release */,
			);
			defaultConfigurationIsVisible = 0;
			defaultConfigurationName = Release;
		};
/* End XCConfigurationList section */

/* Begin XCRemoteSwiftPackageReference section */
		C59FD51B2845184B00DD72AE /* XCRemoteSwiftPackageReference "apollo-ios" */ = {
			isa = XCRemoteSwiftPackageReference;
			repositoryURL = "https://github.com/apollographql/apollo-ios.git";
			requirement = {
				branch = main;
				kind = branch;
			};
		};
		C59FD53D28453B8600DD72AE /* XCRemoteSwiftPackageReference "SASCustomAlert" */ = {
			isa = XCRemoteSwiftPackageReference;
			repositoryURL = "https://github.com/AnupSukumaran/SASCustomAlert.git";
			requirement = {
				branch = master;
				kind = branch;
			};
		};
/* End XCRemoteSwiftPackageReference section */

/* Begin XCSwiftPackageProductDependency section */
		C59FD51C2845184B00DD72AE /* Apollo */ = {
			isa = XCSwiftPackageProductDependency;
			package = C59FD51B2845184B00DD72AE /* XCRemoteSwiftPackageReference "apollo-ios" */;
			productName = Apollo;
		};
		C59FD53E28453B8600DD72AE /* SASCustomAlert */ = {
			isa = XCSwiftPackageProductDependency;
			package = C59FD53D28453B8600DD72AE /* XCRemoteSwiftPackageReference "SASCustomAlert" */;
			productName = SASCustomAlert;
		};
/* End XCSwiftPackageProductDependency section */
	};
	rootObject = C59FD4DF2845175300DD72AE /* Project object */;
}
